
Microsoft Visual Studio Solution File, Format Version 12.00
# Visual Studio 15
VisualStudioVersion = 15.0.28307.1062
MinimumVisualStudioVersion = 10.0.40219.1
Project("{FAE04EC0-301F-11D3-BF4B-00C04F79EFBC}") = "WCFservis", "WCFservis\WCFservis.csproj", "{68B57614-7BA4-4697-9E35-1954F266F951}"
EndProject
Project("{FAE04EC0-301F-11D3-BF4B-00C04F79EFBC}") = "Zadatak_1", "Zadatak_1\Zadatak_1.csproj", "{E4B9D618-1FF9-4C80-AD47-081582393A4B}"
	ProjectSection(ProjectDependencies) = postProject
		{68B57614-7BA4-4697-9E35-1954F266F951} = {68B57614-7BA4-4697-9E35-1954F266F951}
	EndProjectSection
EndProject
Global
	GlobalSection(SolutionConfigurationPlatforms) = preSolution
		Debug|Any CPU = Debug|Any CPU
		Release|Any CPU = Release|Any CPU
	EndGlobalSection
	GlobalSection(ProjectConfigurationPlatforms) = postSolution
		{68B57614-7BA4-4697-9E35-1954F266F951}.Debug|Any CPU.ActiveCfg = Debug|Any CPU
		{68B57614-7BA4-4697-9E35-1954F266F951}.Debug|Any CPU.Build.0 = Debug|Any CPU
		{68B57614-7BA4-4697-9E35-1954F266F951}.Release|Any CPU.ActiveCfg = Release|Any CPU
		{68B57614-7BA4-4697-9E35-1954F266F951}.Release|Any CPU.Build.0 = Release|Any CPU
		{E4B9D618-1FF9-4C80-AD47-081582393A4B}.Debug|Any CPU.ActiveCfg = Debug|Any CPU
		{E4B9D618-1FF9-4C80-AD47-081582393A4B}.Debug|Any CPU.Build.0 = Debug|Any CPU
		{E4B9D618-1FF9-4C80-AD47-081582393A4B}.Release|Any CPU.ActiveCfg = Release|Any CPU
		{E4B9D618-1FF9-4C80-AD47-081582393A4B}.Release|Any CPU.Build.0 = Release|Any CPU
	EndGlobalSection
	GlobalSection(SolutionProperties) = preSolution
		HideSolutionNode = FALSE
	EndGlobalSection
	GlobalSection(ExtensibilityGlobals) = postSolution
		SolutionGuid = {A21D4A10-7305-412C-A240-99F6ACB2C147}
	EndGlobalSection
EndGlobal
